
Microsoft Visual Studio Solution File, Format Version 12.00
# Visual Studio 14
VisualStudioVersion = 14.0.25420.1
MinimumVisualStudioVersion = 10.0.40219.1
Project("{A0786B88-2ADB-4C21-ABE8-AA2D79766269}") = "WeatherForecaster", "WeatherForecaster\WeatherForecaster.phpproj", "{BD46BCC3-F9B5-4D28-BD8A-E071B4AD1DEC}"
EndProject
Global
	GlobalSection(SolutionConfigurationPlatforms) = preSolution
		Debug|Any CPU = Debug|Any CPU
		Release|Any CPU = Release|Any CPU
	EndGlobalSection
	GlobalSection(ProjectConfigurationPlatforms) = postSolution
		{BD46BCC3-F9B5-4D28-BD8A-E071B4AD1DEC}.Debug|Any CPU.ActiveCfg = Debug|Any CPU
		{BD46BCC3-F9B5-4D28-BD8A-E071B4AD1DEC}.Release|Any CPU.ActiveCfg = Release|Any CPU
	EndGlobalSection
	GlobalSection(SolutionProperties) = preSolution
		HideSolutionNode = FALSE
	EndGlobalSection
EndGlobal
